<?xml version="1.0" encoding="utf-8"?>
<Project ToolsVersion="4.0" xmlns="http://schemas.microsoft.com/developer/msbuild/2003">
  <ItemGroup>
    <Filter Include="Game">
      <UniqueIdentifier>{9636efc7-0609-480e-b8a1-5d77edf670af}</UniqueIdentifier>
    </Filter>
    <Filter Include="Game\Header Files">
      <UniqueIdentifier>{205d218c-d095-4592-a56a-ded59ce65945}</UniqueIdentifier>
    </Filter>
    <Filter Include="Game\Source Files">
      <UniqueIdentifier>{87cab118-809c-4d53-91f8-091f777a08a7}</UniqueIdentifier>
    </Filter>
    <Filter Include="Header Files">
      <UniqueIdentifier>{93995380-89BD-4b04-88EB-625FBE52EBFB}</UniqueIdentifier>
      <Extensions>h;hpp;hxx;hm;inl;inc;xsd</Extensions>
    </Filter>
    <Filter Include="Resource Files">
      <UniqueIdentifier>{67DA6AB6-F800-4c08-8B7A-83BB121AAD01}</UniqueIdentifier>
      <Extensions>rc;ico;cur;bmp;dlg;rc2;rct;bin;rgs;gif;jpg;jpeg;jpe;resx;tiff;tif;png;wav</Extensions>
    </Filter>
    <Filter Include="Video">
      <UniqueIdentifier>{126ae92d-d11f-47ee-aa28-aa6cbec58625}</UniqueIdentifier>
    </Filter>
    <Filter Include="Video\Source Files">
      <UniqueIdentifier>{4FC737F1-C7A5-4376-A066-2A32D752A2FF}</UniqueIdentifier>
      <Extensions>cpp;c;cc;cxx;def;odl;idl;hpj;bat;asm;asmx</Extensions>
    </Filter>
  </ItemGroup>
  <ItemGroup>
    <ClCompile Include="..\src\Building.cpp">
      <Filter>Game\Source Files</Filter>
    </ClCompile>
    <ClCompile Include="..\src\Camera.cpp">
      <Filter>Video\Source Files</Filter>
    </ClCompile>
    <ClCompile Include="..\src\Game.cpp">
      <Filter>Game\Source Files</Filter>
    </ClCompile>
    <ClCompile Include="..\src\Graphics.cpp">
      <Filter>Video</Filter>
    </ClCompile>
    <ClCompile Include="..\src\Input.cpp">
      <Filter>Video\Source Files</Filter>
    </ClCompile>
    <ClCompile Include="..\src\Language.cpp">
      <Filter>Video\Source Files</Filter>
    </ClCompile>
    <ClCompile Include="..\src\Map.cpp">
      <Filter>Game\Source Files</Filter>
    </ClCompile>
    <ClCompile Include="..\src\Object.cpp">
      <Filter>Game\Source Files</Filter>
    </ClCompile>
    <ClCompile Include="..\src\OpenPop.cpp">
      <Filter>Video\Source Files</Filter>
    </ClCompile>
    <ClCompile Include="..\src\PathFinder.cpp">
      <Filter>Game\Source Files</Filter>
    </ClCompile>
    <ClCompile Include="..\src\Player.cpp">
      <Filter>Game\Source Files</Filter>
    </ClCompile>
    <ClCompile Include="..\src\Sprites.cpp">
      <Filter>Video\Source Files</Filter>
    </ClCompile>
    <ClCompile Include="..\src\Tribes.cpp">
      <Filter>Game\Source Files</Filter>
    </ClCompile>
    <ClCompile Include="..\src\Unit.cpp">
      <Filter>Game\Source Files</Filter>
    </ClCompile>
    <ClCompile Include="..\src\Video.cpp">
      <Filter>Video\Source Files</Filter>
    </ClCompile>
  </ItemGroup>
  <ItemGroup>
    <ClInclude Include="..\src\Building.h">
      <Filter>Game\Header Files</Filter>
    </ClInclude>
    <ClInclude Include="..\src\Camera.h">
      <Filter>Header Files</Filter>
    </ClInclude>
    <ClInclude Include="..\src\Game.h">
      <Filter>Game\Header Files</Filter>
    </ClInclude>
    <ClInclude Include="..\src\Graphics.h">
      <Filter>Video</Filter>
    </ClInclude>
    <ClInclude Include="..\src\Input.h">
      <Filter>Header Files</Filter>
    </ClInclude>
    <ClInclude Include="..\src\Language.h">
      <Filter>Header Files</Filter>
    </ClInclude>
    <ClInclude Include="..\src\Map.h">
      <Filter>Game\Header Files</Filter>
    </ClInclude>
    <ClInclude Include="..\src\Object.h">
      <Filter>Game\Header Files</Filter>
    </ClInclude>
    <ClInclude Include="..\src\OpenPop.h">
      <Filter>Header Files</Filter>
    </ClInclude>
    <ClInclude Include="..\src\PathFinder.h">
      <Filter>Game\Header Files</Filter>
    </ClInclude>
    <ClInclude Include="..\src\Player.h">
      <Filter>Game\Header Files</Filter>
    </ClInclude>
    <ClInclude Include="..\src\Spell.h">
      <Filter>Game\Header Files</Filter>
    </ClInclude>
    <ClInclude Include="..\src\Sprites.h">
      <Filter>Header Files</Filter>
    </ClInclude>
    <ClInclude Include="..\src\Tribes.h">
      <Filter>Game\Header Files</Filter>
    </ClInclude>
    <ClInclude Include="..\src\Unit.h">
      <Filter>Game\Header Files</Filter>
    </ClInclude>
    <ClInclude Include="..\src\Video.h">
      <Filter>Header Files</Filter>
    </ClInclude>
  </ItemGroup>
</Project>